
Microsoft Visual Studio Solution File, Format Version 12.00
# Visual Studio 15
VisualStudioVersion = 15.0.27004.2009
MinimumVisualStudioVersion = 10.0.40219.1
Project("{FAE04EC0-301F-11D3-BF4B-00C04F79EFBC}") = "SmartProber", "SmartProber\SmartProber.csproj", "{BD486D7D-8525-43BD-B031-80A41C5BDDC4}"
EndProject
Global
	GlobalSection(SolutionConfigurationPlatforms) = preSolution
		Debug|Any CPU = Debug|Any CPU
		Release|Any CPU = Release|Any CPU
	EndGlobalSection
	GlobalSection(ProjectConfigurationPlatforms) = postSolution
		{BD486D7D-8525-43BD-B031-80A41C5BDDC4}.Debug|Any CPU.ActiveCfg = Debug|Any CPU
		{BD486D7D-8525-43BD-B031-80A41C5BDDC4}.Debug|Any CPU.Build.0 = Debug|Any CPU
		{BD486D7D-8525-43BD-B031-80A41C5BDDC4}.Release|Any CPU.ActiveCfg = Release|Any CPU
		{BD486D7D-8525-43BD-B031-80A41C5BDDC4}.Release|Any CPU.Build.0 = Release|Any CPU
	EndGlobalSection
	GlobalSection(SolutionProperties) = preSolution
		HideSolutionNode = FALSE
	EndGlobalSection
	GlobalSection(ExtensibilityGlobals) = postSolution
		SolutionGuid = {332B09A7-16DE-4D3D-8F41-222A59DFD0C9}
	EndGlobalSection
EndGlobal
